// !$*UTF8*$!
{
	archiveVersion = 1;
	classes = {
	};
	objectVersion = 56;
	objects = {

/* Begin PBXBuildFile section */
		BE6B97CA2A6B23C400D932E3 /* ReminderListViewController+DataSource.swift in Sources */ = {isa = PBXBuildFile; fileRef = BE6B97C92A6B23C400D932E3 /* ReminderListViewController+DataSource.swift */; };
		BE6B97CC2A6BCAEC00D932E3 /* Assets.xcassets in Resources */ = {isa = PBXBuildFile; fileRef = BE6B97CB2A6BCAEC00D932E3 /* Assets.xcassets */; };
		BE6B97CE2A6BCB2200D932E3 /* UIColor+Today.swift in Sources */ = {isa = PBXBuildFile; fileRef = BE6B97CD2A6BCB2200D932E3 /* UIColor+Today.swift */; };
		BE6B97D02A6C62CD00D932E3 /* ReminderDoneButton.swift in Sources */ = {isa = PBXBuildFile; fileRef = BE6B97CF2A6C62CD00D932E3 /* ReminderDoneButton.swift */; };
		BE6B97D22A6C643400D932E3 /* ReminderListViewController+Actions.swift in Sources */ = {isa = PBXBuildFile; fileRef = BE6B97D12A6C643400D932E3 /* ReminderListViewController+Actions.swift */; };
		BE8FF7DE2A576737001FD416 /* Date+Today.swift in Sources */ = {isa = PBXBuildFile; fileRef = BE8FF7DD2A576737001FD416 /* Date+Today.swift */; };
		BE9D3B1A2A38BE3C0057E3B4 /* AppDelegate.swift in Sources */ = {isa = PBXBuildFile; fileRef = BE9D3B192A38BE3C0057E3B4 /* AppDelegate.swift */; };
		BE9D3B1C2A38BE3C0057E3B4 /* SceneDelegate.swift in Sources */ = {isa = PBXBuildFile; fileRef = BE9D3B1B2A38BE3C0057E3B4 /* SceneDelegate.swift */; };
		BE9D3B1E2A38BE3C0057E3B4 /* ReminderListViewController.swift in Sources */ = {isa = PBXBuildFile; fileRef = BE9D3B1D2A38BE3C0057E3B4 /* ReminderListViewController.swift */; };
		BE9D3B212A38BE3C0057E3B4 /* Main.storyboard in Resources */ = {isa = PBXBuildFile; fileRef = BE9D3B1F2A38BE3C0057E3B4 /* Main.storyboard */; };
		BE9D3B262A38BE3D0057E3B4 /* LaunchScreen.storyboard in Resources */ = {isa = PBXBuildFile; fileRef = BE9D3B242A38BE3D0057E3B4 /* LaunchScreen.storyboard */; };
		BE9D3B2F2A38C0CD0057E3B4 /* Reminder.swift in Sources */ = {isa = PBXBuildFile; fileRef = BE9D3B2E2A38C0CD0057E3B4 /* Reminder.swift */; };
/* End PBXBuildFile section */

/* Begin PBXFileReference section */
		BE6B97C92A6B23C400D932E3 /* ReminderListViewController+DataSource.swift */ = {isa = PBXFileReference; lastKnownFileType = sourcecode.swift; path = "ReminderListViewController+DataSource.swift"; sourceTree = "<group>"; };
		BE6B97CB2A6BCAEC00D932E3 /* Assets.xcassets */ = {isa = PBXFileReference; lastKnownFileType = folder.assetcatalog; name = Assets.xcassets; path = ../../../../Downloads/DisplayingCellInfo/StartingProject/Today/Assets.xcassets; sourceTree = "<group>"; };
		BE6B97CD2A6BCB2200D932E3 /* UIColor+Today.swift */ = {isa = PBXFileReference; fileEncoding = 4; lastKnownFileType = sourcecode.swift; name = "UIColor+Today.swift"; path = "../../../../../Downloads/DisplayingCellInfo/StartingProject/Today/Models/UIColor+Today.swift"; sourceTree = "<group>"; };
		BE6B97CF2A6C62CD00D932E3 /* ReminderDoneButton.swift */ = {isa = PBXFileReference; lastKnownFileType = sourcecode.swift; path = ReminderDoneButton.swift; sourceTree = "<group>"; };
		BE6B97D12A6C643400D932E3 /* ReminderListViewController+Actions.swift */ = {isa = PBXFileReference; lastKnownFileType = sourcecode.swift; path = "ReminderListViewController+Actions.swift"; sourceTree = "<group>"; };
		BE8FF7DD2A576737001FD416 /* Date+Today.swift */ = {isa = PBXFileReference; lastKnownFileType = sourcecode.swift; path = "Date+Today.swift"; sourceTree = "<group>"; };
		BE9D3B162A38BE3C0057E3B4 /* Today.app */ = {isa = PBXFileReference; explicitFileType = wrapper.application; includeInIndex = 0; path = Today.app; sourceTree = BUILT_PRODUCTS_DIR; };
		BE9D3B192A38BE3C0057E3B4 /* AppDelegate.swift */ = {isa = PBXFileReference; lastKnownFileType = sourcecode.swift; path = AppDelegate.swift; sourceTree = "<group>"; };
		BE9D3B1B2A38BE3C0057E3B4 /* SceneDelegate.swift */ = {isa = PBXFileReference; lastKnownFileType = sourcecode.swift; path = SceneDelegate.swift; sourceTree = "<group>"; };
		BE9D3B1D2A38BE3C0057E3B4 /* ReminderListViewController.swift */ = {isa = PBXFileReference; lastKnownFileType = sourcecode.swift; path = ReminderListViewController.swift; sourceTree = "<group>"; };
		BE9D3B202A38BE3C0057E3B4 /* Base */ = {isa = PBXFileReference; lastKnownFileType = file.storyboard; name = Base; path = Base.lproj/Main.storyboard; sourceTree = "<group>"; };
		BE9D3B252A38BE3D0057E3B4 /* Base */ = {isa = PBXFileReference; lastKnownFileType = file.storyboard; name = Base; path = Base.lproj/LaunchScreen.storyboard; sourceTree = "<group>"; };
		BE9D3B272A38BE3D0057E3B4 /* Info.plist */ = {isa = PBXFileReference; lastKnownFileType = text.plist.xml; path = Info.plist; sourceTree = "<group>"; };
		BE9D3B2E2A38C0CD0057E3B4 /* Reminder.swift */ = {isa = PBXFileReference; lastKnownFileType = sourcecode.swift; path = Reminder.swift; sourceTree = "<group>"; };
/* End PBXFileReference section */

/* Begin PBXFrameworksBuildPhase section */
		BE9D3B132A38BE3C0057E3B4 /* Frameworks */ = {
			isa = PBXFrameworksBuildPhase;
			buildActionMask = 2147483647;
			files = (
			);
			runOnlyForDeploymentPostprocessing = 0;
		};
/* End PBXFrameworksBuildPhase section */

/* Begin PBXGroup section */
		BE6B97C82A6B235E00D932E3 /* ListViewController */ = {
			isa = PBXGroup;
			children = (
				BE9D3B1D2A38BE3C0057E3B4 /* ReminderListViewController.swift */,
				BE6B97C92A6B23C400D932E3 /* ReminderListViewController+DataSource.swift */,
				BE6B97D12A6C643400D932E3 /* ReminderListViewController+Actions.swift */,
				BE6B97CF2A6C62CD00D932E3 /* ReminderDoneButton.swift */,
			);
			path = ListViewController;
			sourceTree = "<group>";
		};
		BE9D3B0D2A38BE3C0057E3B4 = {
			isa = PBXGroup;
			children = (
				BE9D3B182A38BE3C0057E3B4 /* Today */,
				BE9D3B172A38BE3C0057E3B4 /* Products */,
			);
			sourceTree = "<group>";
		};
		BE9D3B172A38BE3C0057E3B4 /* Products */ = {
			isa = PBXGroup;
			children = (
				BE9D3B162A38BE3C0057E3B4 /* Today.app */,
			);
			name = Products;
			sourceTree = "<group>";
		};
		BE9D3B182A38BE3C0057E3B4 /* Today */ = {
			isa = PBXGroup;
			children = (
				BE9D3B2D2A38C0880057E3B4 /* Models */,
				BE9D3B192A38BE3C0057E3B4 /* AppDelegate.swift */,
				BE9D3B1B2A38BE3C0057E3B4 /* SceneDelegate.swift */,
				BE6B97C82A6B235E00D932E3 /* ListViewController */,
				BE9D3B1F2A38BE3C0057E3B4 /* Main.storyboard */,
				BE6B97CB2A6BCAEC00D932E3 /* Assets.xcassets */,
				BE9D3B242A38BE3D0057E3B4 /* LaunchScreen.storyboard */,
				BE9D3B272A38BE3D0057E3B4 /* Info.plist */,
			);
			path = Today;
			sourceTree = "<group>";
		};
		BE9D3B2D2A38C0880057E3B4 /* Models */ = {
			isa = PBXGroup;
			children = (
				BE9D3B2E2A38C0CD0057E3B4 /* Reminder.swift */,
				BE8FF7DD2A576737001FD416 /* Date+Today.swift */,
				BE6B97CD2A6BCB2200D932E3 /* UIColor+Today.swift */,
			);
			path = Models;
			sourceTree = "<group>";
		};
/* End PBXGroup section */

/* Begin PBXNativeTarget section */
		BE9D3B152A38BE3C0057E3B4 /* Today */ = {
			isa = PBXNativeTarget;
			buildConfigurationList = BE9D3B2A2A38BE3D0057E3B4 /* Build configuration list for PBXNativeTarget "Today" */;
			buildPhases = (
				BE9D3B122A38BE3C0057E3B4 /* Sources */,
				BE9D3B132A38BE3C0057E3B4 /* Frameworks */,
				BE9D3B142A38BE3C0057E3B4 /* Resources */,
			);
			buildRules = (
			);
			dependencies = (
			);
			name = Today;
			productName = Today;
			productReference = BE9D3B162A38BE3C0057E3B4 /* Today.app */;
			productType = "com.apple.product-type.application";
		};
/* End PBXNativeTarget section */

/* Begin PBXProject section */
		BE9D3B0E2A38BE3C0057E3B4 /* Project object */ = {
			isa = PBXProject;
			attributes = {
				BuildIndependentTargetsInParallel = 1;
				LastSwiftUpdateCheck = 1420;
				LastUpgradeCheck = 1420;
				TargetAttributes = {
					BE9D3B152A38BE3C0057E3B4 = {
						CreatedOnToolsVersion = 14.2;
					};
				};
			};
			buildConfigurationList = BE9D3B112A38BE3C0057E3B4 /* Build configuration list for PBXProject "Today" */;
			compatibilityVersion = "Xcode 14.0";
			developmentRegion = en;
			hasScannedForEncodings = 0;
			knownRegions = (
				en,
				Base,
			);
			mainGroup = BE9D3B0D2A38BE3C0057E3B4;
			productRefGroup = BE9D3B172A38BE3C0057E3B4 /* Products */;
			projectDirPath = "";
			projectRoot = "";
			targets = (
				BE9D3B152A38BE3C0057E3B4 /* Today */,
			);
		};
/* End PBXProject section */

/* Begin PBXResourcesBuildPhase section */
		BE9D3B142A38BE3C0057E3B4 /* Resources */ = {
			isa = PBXResourcesBuildPhase;
			buildActionMask = 2147483647;
			files = (
				BE9D3B262A38BE3D0057E3B4 /* LaunchScreen.storyboard in Resources */,
				BE6B97CC2A6BCAEC00D932E3 /* Assets.xcassets in Resources */,
				BE9D3B212A38BE3C0057E3B4 /* Main.storyboard in Resources */,
			);
			runOnlyForDeploymentPostprocessing = 0;
		};
/* End PBXResourcesBuildPhase section */

/* Begin PBXSourcesBuildPhase section */
		BE9D3B122A38BE3C0057E3B4 /* Sources */ = {
			isa = PBXSourcesBuildPhase;
			buildActionMask = 2147483647;
			files = (
				BE6B97CE2A6BCB2200D932E3 /* UIColor+Today.swift in Sources */,
				BE6B97D22A6C643400D932E3 /* ReminderListViewController+Actions.swift in Sources */,
				BE9D3B1E2A38BE3C0057E3B4 /* ReminderListViewController.swift in Sources */,
				BE8FF7DE2A576737001FD416 /* Date+Today.swift in Sources */,
				BE6B97D02A6C62CD00D932E3 /* ReminderDoneButton.swift in Sources */,
				BE9D3B1A2A38BE3C0057E3B4 /* AppDelegate.swift in Sources */,
				BE9D3B1C2A38BE3C0057E3B4 /* SceneDelegate.swift in Sources */,
				BE9D3B2F2A38C0CD0057E3B4 /* Reminder.swift in Sources */,
				BE6B97CA2A6B23C400D932E3 /* ReminderListViewController+DataSource.swift in Sources */,
			);
			runOnlyForDeploymentPostprocessing = 0;
		};
/* End PBXSourcesBuildPhase section */

/* Begin PBXVariantGroup section */
		BE9D3B1F2A38BE3C0057E3B4 /* Main.storyboard */ = {
			isa = PBXVariantGroup;
			children = (
				BE9D3B202A38BE3C0057E3B4 /* Base */,
			);
			name = Main.storyboard;
			sourceTree = "<group>";
		};
		BE9D3B242A38BE3D0057E3B4 /* LaunchScreen.storyboard */ = {
			isa = PBXVariantGroup;
			children = (
				BE9D3B252A38BE3D0057E3B4 /* Base */,
			);
			name = LaunchScreen.storyboard;
			sourceTree = "<group>";
		};
/* End PBXVariantGroup section */

/* Begin XCBuildConfiguration section */
		BE9D3B282A38BE3D0057E3B4 /* Debug */ = {
			isa = XCBuildConfiguration;
			buildSettings = {
				ALWAYS_SEARCH_USER_PATHS = NO;
				CLANG_ANALYZER_NONNULL = YES;
				CLANG_ANALYZER_NUMBER_OBJECT_CONVERSION = YES_AGGRESSIVE;
				CLANG_CXX_LANGUAGE_STANDARD = "gnu++20";
				CLANG_ENABLE_MODULES = YES;
				CLANG_ENABLE_OBJC_ARC = YES;
				CLANG_ENABLE_OBJC_WEAK = YES;
				CLANG_WARN_BLOCK_CAPTURE_AUTORELEASING = YES;
				CLANG_WARN_BOOL_CONVERSION = YES;
				CLANG_WARN_COMMA = YES;
				CLANG_WARN_CONSTANT_CONVERSION = YES;
				CLANG_WARN_DEPRECATED_OBJC_IMPLEMENTATIONS = YES;
				CLANG_WARN_DIRECT_OBJC_ISA_USAGE = YES_ERROR;
				CLANG_WARN_DOCUMENTATION_COMMENTS = YES;
				CLANG_WARN_EMPTY_BODY = YES;
				CLANG_WARN_ENUM_CONVERSION = YES;
				CLANG_WARN_INFINITE_RECURSION = YES;
				CLANG_WARN_INT_CONVERSION = YES;
				CLANG_WARN_NON_LITERAL_NULL_CONVERSION = YES;
				CLANG_WARN_OBJC_IMPLICIT_RETAIN_SELF = YES;
				CLANG_WARN_OBJC_LITERAL_CONVERSION = YES;
				CLANG_WARN_OBJC_ROOT_CLASS = YES_ERROR;
				CLANG_WARN_QUOTED_INCLUDE_IN_FRAMEWORK_HEADER = YES;
				CLANG_WARN_RANGE_LOOP_ANALYSIS = YES;
				CLANG_WARN_STRICT_PROTOTYPES = YES;
				CLANG_WARN_SUSPICIOUS_MOVE = YES;
				CLANG_WARN_UNGUARDED_AVAILABILITY = YES_AGGRESSIVE;
				CLANG_WARN_UNREACHABLE_CODE = YES;
				CLANG_WARN__DUPLICATE_METHOD_MATCH = YES;
				COPY_PHASE_STRIP = NO;
				DEBUG_INFORMATION_FORMAT = dwarf;
				ENABLE_STRICT_OBJC_MSGSEND = YES;
				ENABLE_TESTABILITY = YES;
				GCC_C_LANGUAGE_STANDARD = gnu11;
				GCC_DYNAMIC_NO_PIC = NO;
				GCC_NO_COMMON_BLOCKS = YES;
				GCC_OPTIMIZATION_LEVEL = 0;
				GCC_PREPROCESSOR_DEFINITIONS = (
					"DEBUG=1",
					"$(inherited)",
				);
				GCC_WARN_64_TO_32_BIT_CONVERSION = YES;
				GCC_WARN_ABOUT_RETURN_TYPE = YES_ERROR;
				GCC_WARN_UNDECLARED_SELECTOR = YES;
				GCC_WARN_UNINITIALIZED_AUTOS = YES_AGGRESSIVE;
				GCC_WARN_UNUSED_FUNCTION = YES;
				GCC_WARN_UNUSED_VARIABLE = YES;
				IPHONEOS_DEPLOYMENT_TARGET = 16.2;
				MTL_ENABLE_DEBUG_INFO = INCLUDE_SOURCE;
				MTL_FAST_MATH = YES;
				ONLY_ACTIVE_ARCH = YES;
				SDKROOT = iphoneos;
				SWIFT_ACTIVE_COMPILATION_CONDITIONS = DEBUG;
				SWIFT_OPTIMIZATION_LEVEL = "-Onone";
			};
			name = Debug;
		};
		BE9D3B292A38BE3D0057E3B4 /* Release */ = {
			isa = XCBuildConfiguration;
			buildSettings = {
				ALWAYS_SEARCH_USER_PATHS = NO;
				CLANG_ANALYZER_NONNULL = YES;
				CLANG_ANALYZER_NUMBER_OBJECT_CONVERSION = YES_AGGRESSIVE;
				CLANG_CXX_LANGUAGE_STANDARD = "gnu++20";
				CLANG_ENABLE_MODULES = YES;
				CLANG_ENABLE_OBJC_ARC = YES;
				CLANG_ENABLE_OBJC_WEAK = YES;
				CLANG_WARN_BLOCK_CAPTURE_AUTORELEASING = YES;
				CLANG_WARN_BOOL_CONVERSION = YES;
				CLANG_WARN_COMMA = YES;
				CLANG_WARN_CONSTANT_CONVERSION = YES;
				CLANG_WARN_DEPRECATED_OBJC_IMPLEMENTATIONS = YES;
				CLANG_WARN_DIRECT_OBJC_ISA_USAGE = YES_ERROR;
				CLANG_WARN_DOCUMENTATION_COMMENTS = YES;
				CLANG_WARN_EMPTY_BODY = YES;
				CLANG_WARN_ENUM_CONVERSION = YES;
				CLANG_WARN_INFINITE_RECURSION = YES;
				CLANG_WARN_INT_CONVERSION = YES;
				CLANG_WARN_NON_LITERAL_NULL_CONVERSION = YES;
				CLANG_WARN_OBJC_IMPLICIT_RETAIN_SELF = YES;
				CLANG_WARN_OBJC_LITERAL_CONVERSION = YES;
				CLANG_WARN_OBJC_ROOT_CLASS = YES_ERROR;
				CLANG_WARN_QUOTED_INCLUDE_IN_FRAMEWORK_HEADER = YES;
				CLANG_WARN_RANGE_LOOP_ANALYSIS = YES;
				CLANG_WARN_STRICT_PROTOTYPES = YES;
				CLANG_WARN_SUSPICIOUS_MOVE = YES;
				CLANG_WARN_UNGUARDED_AVAILABILITY = YES_AGGRESSIVE;
				CLANG_WARN_UNREACHABLE_CODE = YES;
				CLANG_WARN__DUPLICATE_METHOD_MATCH = YES;
				COPY_PHASE_STRIP = NO;
				DEBUG_INFORMATION_FORMAT = "dwarf-with-dsym";
				ENABLE_NS_ASSERTIONS = NO;
				ENABLE_STRICT_OBJC_MSGSEND = YES;
				GCC_C_LANGUAGE_STANDARD = gnu11;
				GCC_NO_COMMON_BLOCKS = YES;
				GCC_WARN_64_TO_32_BIT_CONVERSION = YES;
				GCC_WARN_ABOUT_RETURN_TYPE = YES_ERROR;
				GCC_WARN_UNDECLARED_SELECTOR = YES;
				GCC_WARN_UNINITIALIZED_AUTOS = YES_AGGRESSIVE;
				GCC_WARN_UNUSED_FUNCTION = YES;
				GCC_WARN_UNUSED_VARIABLE = YES;
				IPHONEOS_DEPLOYMENT_TARGET = 16.2;
				MTL_ENABLE_DEBUG_INFO = NO;
				MTL_FAST_MATH = YES;
				SDKROOT = iphoneos;
				SWIFT_COMPILATION_MODE = wholemodule;
				SWIFT_OPTIMIZATION_LEVEL = "-O";
				VALIDATE_PRODUCT = YES;
			};
			name = Release;
		};
		BE9D3B2B2A38BE3D0057E3B4 /* Debug */ = {
			isa = XCBuildConfiguration;
			buildSettings = {
				ASSETCATALOG_COMPILER_APPICON_NAME = AppIcon;
				ASSETCATALOG_COMPILER_GLOBAL_ACCENT_COLOR_NAME = AccentColor;
				CODE_SIGN_STYLE = Automatic;
				CURRENT_PROJECT_VERSION = 1;
				DEVELOPMENT_TEAM = 5YXU5XX9YX;
				GENERATE_INFOPLIST_FILE = YES;
				INFOPLIST_FILE = Today/Info.plist;
				INFOPLIST_KEY_UIApplicationSupportsIndirectInputEvents = YES;
				INFOPLIST_KEY_UILaunchStoryboardName = LaunchScreen;
				INFOPLIST_KEY_UIMainStoryboardFile = Main;
				INFOPLIST_KEY_UISupportedInterfaceOrientations_iPad = "UIInterfaceOrientationPortrait UIInterfaceOrientationPortraitUpsideDown UIInterfaceOrientationLandscapeLeft UIInterfaceOrientationLandscapeRight";
				INFOPLIST_KEY_UISupportedInterfaceOrientations_iPhone = "UIInterfaceOrientationPortrait UIInterfaceOrientationLandscapeLeft UIInterfaceOrientationLandscapeRight";
				LD_RUNPATH_SEARCH_PATHS = (
					"$(inherited)",
					"@executable_path/Frameworks",
				);
				MARKETING_VERSION = 1.0;
				PRODUCT_BUNDLE_IDENTIFIER = br.org.amorim.Today;
				PRODUCT_NAME = "$(TARGET_NAME)";
				SWIFT_EMIT_LOC_STRINGS = YES;
				SWIFT_VERSION = 5.0;
				TARGETED_DEVICE_FAMILY = "1,2";
			};
			name = Debug;
		};
		BE9D3B2C2A38BE3D0057E3B4 /* Release */ = {
			isa = XCBuildConfiguration;
			buildSettings = {
				ASSETCATALOG_COMPILER_APPICON_NAME = AppIcon;
				ASSETCATALOG_COMPILER_GLOBAL_ACCENT_COLOR_NAME = AccentColor;
				CODE_SIGN_STYLE = Automatic;
				CURRENT_PROJECT_VERSION = 1;
				DEVELOPMENT_TEAM = 5YXU5XX9YX;
				GENERATE_INFOPLIST_FILE = YES;
				INFOPLIST_FILE = Today/Info.plist;
				INFOPLIST_KEY_UIApplicationSupportsIndirectInputEvents = YES;
				INFOPLIST_KEY_UILaunchStoryboardName = LaunchScreen;
				INFOPLIST_KEY_UIMainStoryboardFile = Main;
				INFOPLIST_KEY_UISupportedInterfaceOrientations_iPad = "UIInterfaceOrientationPortrait UIInterfaceOrientationPortraitUpsideDown UIInterfaceOrientationLandscapeLeft UIInterfaceOrientationLandscapeRight";
				INFOPLIST_KEY_UISupportedInterfaceOrientations_iPhone = "UIInterfaceOrientationPortrait UIInterfaceOrientationLandscapeLeft UIInterfaceOrientationLandscapeRight";
				LD_RUNPATH_SEARCH_PATHS = (
					"$(inherited)",
					"@executable_path/Frameworks",
				);
				MARKETING_VERSION = 1.0;
				PRODUCT_BUNDLE_IDENTIFIER = br.org.amorim.Today;
				PRODUCT_NAME = "$(TARGET_NAME)";
				SWIFT_EMIT_LOC_STRINGS = YES;
				SWIFT_VERSION = 5.0;
				TARGETED_DEVICE_FAMILY = "1,2";
			};
			name = Release;
		};
/* End XCBuildConfiguration section */

/* Begin XCConfigurationList section */
		BE9D3B112A38BE3C0057E3B4 /* Build configuration list for PBXProject "Today" */ = {
			isa = XCConfigurationList;
			buildConfigurations = (
				BE9D3B282A38BE3D0057E3B4 /* Debug */,
				BE9D3B292A38BE3D0057E3B4 /* Release */,
			);
			defaultConfigurationIsVisible = 0;
			defaultConfigurationName = Release;
		};
		BE9D3B2A2A38BE3D0057E3B4 /* Build configuration list for PBXNativeTarget "Today" */ = {
			isa = XCConfigurationList;
			buildConfigurations = (
				BE9D3B2B2A38BE3D0057E3B4 /* Debug */,
				BE9D3B2C2A38BE3D0057E3B4 /* Release */,
			);
			defaultConfigurationIsVisible = 0;
			defaultConfigurationName = Release;
		};
/* End XCConfigurationList section */
	};
	rootObject = BE9D3B0E2A38BE3C0057E3B4 /* Project object */;
}
